// !$*UTF8*$!
{
	archiveVersion = 1;
	classes = {
	};
	objectVersion = 50;
	objects = {

/* Begin PBXBuildFile section */
		DBCC898723EBBE7C00E21AB7 /* AppDelegate.swift in Sources */ = {isa = PBXBuildFile; fileRef = DBCC898623EBBE7C00E21AB7 /* AppDelegate.swift */; };
		DBCC898923EBBE7C00E21AB7 /* SceneDelegate.swift in Sources */ = {isa = PBXBuildFile; fileRef = DBCC898823EBBE7C00E21AB7 /* SceneDelegate.swift */; };
		DBCC898B23EBBE7C00E21AB7 /* ViewController.swift in Sources */ = {isa = PBXBuildFile; fileRef = DBCC898A23EBBE7C00E21AB7 /* ViewController.swift */; };
		DBCC898E23EBBE7C00E21AB7 /* Main.storyboard in Resources */ = {isa = PBXBuildFile; fileRef = DBCC898C23EBBE7C00E21AB7 /* Main.storyboard */; };
		DBCC899023EBBE7F00E21AB7 /* Assets.xcassets in Resources */ = {isa = PBXBuildFile; fileRef = DBCC898F23EBBE7F00E21AB7 /* Assets.xcassets */; };
		DBCC899323EBBE7F00E21AB7 /* LaunchScreen.storyboard in Resources */ = {isa = PBXBuildFile; fileRef = DBCC899123EBBE7F00E21AB7 /* LaunchScreen.storyboard */; };
		DBCC89BC23EBD5EC00E21AB7 /* BorderButton.swift in Sources */ = {isa = PBXBuildFile; fileRef = DBCC89BB23EBD5EC00E21AB7 /* BorderButton.swift */; };
/* End PBXBuildFile section */

/* Begin PBXFileReference section */
		DBCC898323EBBE7C00E21AB7 /* app-swoosh.app */ = {isa = PBXFileReference; explicitFileType = wrapper.application; includeInIndex = 0; path = "app-swoosh.app"; sourceTree = BUILT_PRODUCTS_DIR; };
		DBCC898623EBBE7C00E21AB7 /* AppDelegate.swift */ = {isa = PBXFileReference; lastKnownFileType = sourcecode.swift; path = AppDelegate.swift; sourceTree = "<group>"; };
		DBCC898823EBBE7C00E21AB7 /* SceneDelegate.swift */ = {isa = PBXFileReference; lastKnownFileType = sourcecode.swift; path = SceneDelegate.swift; sourceTree = "<group>"; };
		DBCC898A23EBBE7C00E21AB7 /* ViewController.swift */ = {isa = PBXFileReference; lastKnownFileType = sourcecode.swift; path = ViewController.swift; sourceTree = "<group>"; };
		DBCC898D23EBBE7C00E21AB7 /* Base */ = {isa = PBXFileReference; lastKnownFileType = file.storyboard; name = Base; path = Base.lproj/Main.storyboard; sourceTree = "<group>"; };
		DBCC898F23EBBE7F00E21AB7 /* Assets.xcassets */ = {isa = PBXFileReference; lastKnownFileType = folder.assetcatalog; path = Assets.xcassets; sourceTree = "<group>"; };
		DBCC899223EBBE7F00E21AB7 /* Base */ = {isa = PBXFileReference; lastKnownFileType = file.storyboard; name = Base; path = Base.lproj/LaunchScreen.storyboard; sourceTree = "<group>"; };
		DBCC899423EBBE7F00E21AB7 /* Info.plist */ = {isa = PBXFileReference; lastKnownFileType = text.plist.xml; path = Info.plist; sourceTree = "<group>"; };
		DBCC89BB23EBD5EC00E21AB7 /* BorderButton.swift */ = {isa = PBXFileReference; lastKnownFileType = sourcecode.swift; path = BorderButton.swift; sourceTree = "<group>"; };
/* End PBXFileReference section */

/* Begin PBXFrameworksBuildPhase section */
		DBCC898023EBBE7C00E21AB7 /* Frameworks */ = {
			isa = PBXFrameworksBuildPhase;
			buildActionMask = 2147483647;
			files = (
			);
			runOnlyForDeploymentPostprocessing = 0;
		};
/* End PBXFrameworksBuildPhase section */

/* Begin PBXGroup section */
		DBCC897A23EBBE7C00E21AB7 = {
			isa = PBXGroup;
			children = (
				DBCC898523EBBE7C00E21AB7 /* app-swoosh */,
				DBCC898423EBBE7C00E21AB7 /* Products */,
			);
			sourceTree = "<group>";
		};
		DBCC898423EBBE7C00E21AB7 /* Products */ = {
			isa = PBXGroup;
			children = (
				DBCC898323EBBE7C00E21AB7 /* app-swoosh.app */,
			);
			name = Products;
			sourceTree = "<group>";
		};
		DBCC898523EBBE7C00E21AB7 /* app-swoosh */ = {
			isa = PBXGroup;
			children = (
				DBCC89B823EBD43600E21AB7 /* Views */,
				DBCC898623EBBE7C00E21AB7 /* AppDelegate.swift */,
				DBCC898823EBBE7C00E21AB7 /* SceneDelegate.swift */,
				DBCC898A23EBBE7C00E21AB7 /* ViewController.swift */,
				DBCC898C23EBBE7C00E21AB7 /* Main.storyboard */,
				DBCC898F23EBBE7F00E21AB7 /* Assets.xcassets */,
				DBCC899123EBBE7F00E21AB7 /* LaunchScreen.storyboard */,
				DBCC899423EBBE7F00E21AB7 /* Info.plist */,
			);
			path = "app-swoosh";
			sourceTree = "<group>";
		};
		DBCC89B823EBD43600E21AB7 /* Views */ = {
			isa = PBXGroup;
			children = (
				DBCC89BB23EBD5EC00E21AB7 /* BorderButton.swift */,
			);
			path = Views;
			sourceTree = "<group>";
		};
/* End PBXGroup section */

/* Begin PBXNativeTarget section */
		DBCC898223EBBE7C00E21AB7 /* app-swoosh */ = {
			isa = PBXNativeTarget;
			buildConfigurationList = DBCC899723EBBE7F00E21AB7 /* Build configuration list for PBXNativeTarget "app-swoosh" */;
			buildPhases = (
				DBCC897F23EBBE7C00E21AB7 /* Sources */,
				DBCC898023EBBE7C00E21AB7 /* Frameworks */,
				DBCC898123EBBE7C00E21AB7 /* Resources */,
			);
			buildRules = (
			);
			dependencies = (
			);
			name = "app-swoosh";
			productName = "app-swoosh";
			productReference = DBCC898323EBBE7C00E21AB7 /* app-swoosh.app */;
			productType = "com.apple.product-type.application";
		};
/* End PBXNativeTarget section */

/* Begin PBXProject section */
		DBCC897B23EBBE7C00E21AB7 /* Project object */ = {
			isa = PBXProject;
			attributes = {
				LastSwiftUpdateCheck = 1130;
				LastUpgradeCheck = 1130;
				ORGANIZATIONNAME = "Davon Williams";
				TargetAttributes = {
					DBCC898223EBBE7C00E21AB7 = {
						CreatedOnToolsVersion = 11.3.1;
					};
				};
			};
			buildConfigurationList = DBCC897E23EBBE7C00E21AB7 /* Build configuration list for PBXProject "app-swoosh" */;
			compatibilityVersion = "Xcode 9.3";
			developmentRegion = en;
			hasScannedForEncodings = 0;
			knownRegions = (
				en,
				Base,
			);
			mainGroup = DBCC897A23EBBE7C00E21AB7;
			productRefGroup = DBCC898423EBBE7C00E21AB7 /* Products */;
			projectDirPath = "";
			projectRoot = "";
			targets = (
				DBCC898223EBBE7C00E21AB7 /* app-swoosh */,
			);
		};
/* End PBXProject section */

/* Begin PBXResourcesBuildPhase section */
		DBCC898123EBBE7C00E21AB7 /* Resources */ = {
			isa = PBXResourcesBuildPhase;
			buildActionMask = 2147483647;
			files = (
				DBCC899323EBBE7F00E21AB7 /* LaunchScreen.storyboard in Resources */,
				DBCC899023EBBE7F00E21AB7 /* Assets.xcassets in Resources */,
				DBCC898E23EBBE7C00E21AB7 /* Main.storyboard in Resources */,
			);
			runOnlyForDeploymentPostprocessing = 0;
		};
/* End PBXResourcesBuildPhase section */

/* Begin PBXSourcesBuildPhase section */
		DBCC897F23EBBE7C00E21AB7 /* Sources */ = {
			isa = PBXSourcesBuildPhase;
			buildActionMask = 2147483647;
			files = (
				DBCC898B23EBBE7C00E21AB7 /* ViewController.swift in Sources */,
				DBCC898723EBBE7C00E21AB7 /* AppDelegate.swift in Sources */,
				DBCC898923EBBE7C00E21AB7 /* SceneDelegate.swift in Sources */,
				DBCC89BC23EBD5EC00E21AB7 /* BorderButton.swift in Sources */,
			);
			runOnlyForDeploymentPostprocessing = 0;
		};
/* End PBXSourcesBuildPhase section */

/* Begin PBXVariantGroup section */
		DBCC898C23EBBE7C00E21AB7 /* Main.storyboard */ = {
			isa = PBXVariantGroup;
			children = (
				DBCC898D23EBBE7C00E21AB7 /* Base */,
			);
			name = Main.storyboard;
			sourceTree = "<group>";
		};
		DBCC899123EBBE7F00E21AB7 /* LaunchScreen.storyboard */ = {
			isa = PBXVariantGroup;
			children = (
				DBCC899223EBBE7F00E21AB7 /* Base */,
			);
			name = LaunchScreen.storyboard;
			sourceTree = "<group>";
		};
/* End PBXVariantGroup section */

/* Begin XCBuildConfiguration section */
		DBCC899523EBBE7F00E21AB7 /* Debug */ = {
			isa = XCBuildConfiguration;
			buildSettings = {
				ALWAYS_SEARCH_USER_PATHS = NO;
				CLANG_ANALYZER_NONNULL = YES;
				CLANG_ANALYZER_NUMBER_OBJECT_CONVERSION = YES_AGGRESSIVE;
				CLANG_CXX_LANGUAGE_STANDARD = "gnu++14";
				CLANG_CXX_LIBRARY = "libc++";
				CLANG_ENABLE_MODULES = YES;
				CLANG_ENABLE_OBJC_ARC = YES;
				CLANG_ENABLE_OBJC_WEAK = YES;
				CLANG_WARN_BLOCK_CAPTURE_AUTORELEASING = YES;
				CLANG_WARN_BOOL_CONVERSION = YES;
				CLANG_WARN_COMMA = YES;
				CLANG_WARN_CONSTANT_CONVERSION = YES;
				CLANG_WARN_DEPRECATED_OBJC_IMPLEMENTATIONS = YES;
				CLANG_WARN_DIRECT_OBJC_ISA_USAGE = YES_ERROR;
				CLANG_WARN_DOCUMENTATION_COMMENTS = YES;
				CLANG_WARN_EMPTY_BODY = YES;
				CLANG_WARN_ENUM_CONVERSION = YES;
				CLANG_WARN_INFINITE_RECURSION = YES;
				CLANG_WARN_INT_CONVERSION = YES;
				CLANG_WARN_NON_LITERAL_NULL_CONVERSION = YES;
				CLANG_WARN_OBJC_IMPLICIT_RETAIN_SELF = YES;
				CLANG_WARN_OBJC_LITERAL_CONVERSION = YES;
				CLANG_WARN_OBJC_ROOT_CLASS = YES_ERROR;
				CLANG_WARN_RANGE_LOOP_ANALYSIS = YES;
				CLANG_WARN_STRICT_PROTOTYPES = YES;
				CLANG_WARN_SUSPICIOUS_MOVE = YES;
				CLANG_WARN_UNGUARDED_AVAILABILITY = YES_AGGRESSIVE;
				CLANG_WARN_UNREACHABLE_CODE = YES;
				CLANG_WARN__DUPLICATE_METHOD_MATCH = YES;
				COPY_PHASE_STRIP = NO;
				DEBUG_INFORMATION_FORMAT = dwarf;
				ENABLE_STRICT_OBJC_MSGSEND = YES;
				ENABLE_TESTABILITY = YES;
				GCC_C_LANGUAGE_STANDARD = gnu11;
				GCC_DYNAMIC_NO_PIC = NO;
				GCC_NO_COMMON_BLOCKS = YES;
				GCC_OPTIMIZATION_LEVEL = 0;
				GCC_PREPROCESSOR_DEFINITIONS = (
					"DEBUG=1",
					"$(inherited)",
				);
				GCC_WARN_64_TO_32_BIT_CONVERSION = YES;
				GCC_WARN_ABOUT_RETURN_TYPE = YES_ERROR;
				GCC_WARN_UNDECLARED_SELECTOR = YES;
				GCC_WARN_UNINITIALIZED_AUTOS = YES_AGGRESSIVE;
				GCC_WARN_UNUSED_FUNCTION = YES;
				GCC_WARN_UNUSED_VARIABLE = YES;
				IPHONEOS_DEPLOYMENT_TARGET = 13.2;
				MTL_ENABLE_DEBUG_INFO = INCLUDE_SOURCE;
				MTL_FAST_MATH = YES;
				ONLY_ACTIVE_ARCH = YES;
				SDKROOT = iphoneos;
				SWIFT_ACTIVE_COMPILATION_CONDITIONS = DEBUG;
				SWIFT_OPTIMIZATION_LEVEL = "-Onone";
			};
			name = Debug;
		};
		DBCC899623EBBE7F00E21AB7 /* Release */ = {
			isa = XCBuildConfiguration;
			buildSettings = {
				ALWAYS_SEARCH_USER_PATHS = NO;
				CLANG_ANALYZER_NONNULL = YES;
				CLANG_ANALYZER_NUMBER_OBJECT_CONVERSION = YES_AGGRESSIVE;
				CLANG_CXX_LANGUAGE_STANDARD = "gnu++14";
				CLANG_CXX_LIBRARY = "libc++";
				CLANG_ENABLE_MODULES = YES;
				CLANG_ENABLE_OBJC_ARC = YES;
				CLANG_ENABLE_OBJC_WEAK = YES;
				CLANG_WARN_BLOCK_CAPTURE_AUTORELEASING = YES;
				CLANG_WARN_BOOL_CONVERSION = YES;
				CLANG_WARN_COMMA = YES;
				CLANG_WARN_CONSTANT_CONVERSION = YES;
				CLANG_WARN_DEPRECATED_OBJC_IMPLEMENTATIONS = YES;
				CLANG_WARN_DIRECT_OBJC_ISA_USAGE = YES_ERROR;
				CLANG_WARN_DOCUMENTATION_COMMENTS = YES;
				CLANG_WARN_EMPTY_BODY = YES;
				CLANG_WARN_ENUM_CONVERSION = YES;
				CLANG_WARN_INFINITE_RECURSION = YES;
				CLANG_WARN_INT_CONVERSION = YES;
				CLANG_WARN_NON_LITERAL_NULL_CONVERSION = YES;
				CLANG_WARN_OBJC_IMPLICIT_RETAIN_SELF = YES;
				CLANG_WARN_OBJC_LITERAL_CONVERSION = YES;
				CLANG_WARN_OBJC_ROOT_CLASS = YES_ERROR;
				CLANG_WARN_RANGE_LOOP_ANALYSIS = YES;
				CLANG_WARN_STRICT_PROTOTYPES = YES;
				CLANG_WARN_SUSPICIOUS_MOVE = YES;
				CLANG_WARN_UNGUARDED_AVAILABILITY = YES_AGGRESSIVE;
				CLANG_WARN_UNREACHABLE_CODE = YES;
				CLANG_WARN__DUPLICATE_METHOD_MATCH = YES;
				COPY_PHASE_STRIP = NO;
				DEBUG_INFORMATION_FORMAT = "dwarf-with-dsym";
				ENABLE_NS_ASSERTIONS = NO;
				ENABLE_STRICT_OBJC_MSGSEND = YES;
				GCC_C_LANGUAGE_STANDARD = gnu11;
				GCC_NO_COMMON_BLOCKS = YES;
				GCC_WARN_64_TO_32_BIT_CONVERSION = YES;
				GCC_WARN_ABOUT_RETURN_TYPE = YES_ERROR;
				GCC_WARN_UNDECLARED_SELECTOR = YES;
				GCC_WARN_UNINITIALIZED_AUTOS = YES_AGGRESSIVE;
				GCC_WARN_UNUSED_FUNCTION = YES;
				GCC_WARN_UNUSED_VARIABLE = YES;
				IPHONEOS_DEPLOYMENT_TARGET = 13.2;
				MTL_ENABLE_DEBUG_INFO = NO;
				MTL_FAST_MATH = YES;
				SDKROOT = iphoneos;
				SWIFT_COMPILATION_MODE = wholemodule;
				SWIFT_OPTIMIZATION_LEVEL = "-O";
				VALIDATE_PRODUCT = YES;
			};
			name = Release;
		};
		DBCC899823EBBE7F00E21AB7 /* Debug */ = {
			isa = XCBuildConfiguration;
			buildSettings = {
				ASSETCATALOG_COMPILER_APPICON_NAME = AppIcon;
				CODE_SIGN_STYLE = Automatic;
				DEVELOPMENT_TEAM = Q22N98SAG8;
				INFOPLIST_FILE = "app-swoosh/Info.plist";
				LD_RUNPATH_SEARCH_PATHS = (
					"$(inherited)",
					"@executable_path/Frameworks",
				);
				PRODUCT_BUNDLE_IDENTIFIER = "Com.testapp.app-swoosh";
				PRODUCT_NAME = "$(TARGET_NAME)";
				SWIFT_VERSION = 5.0;
				TARGETED_DEVICE_FAMILY = "1,2";
			};
			name = Debug;
		};
		DBCC899923EBBE7F00E21AB7 /* Release */ = {
			isa = XCBuildConfiguration;
			buildSettings = {
				ASSETCATALOG_COMPILER_APPICON_NAME = AppIcon;
				CODE_SIGN_STYLE = Automatic;
				DEVELOPMENT_TEAM = Q22N98SAG8;
				INFOPLIST_FILE = "app-swoosh/Info.plist";
				LD_RUNPATH_SEARCH_PATHS = (
					"$(inherited)",
					"@executable_path/Frameworks",
				);
				PRODUCT_BUNDLE_IDENTIFIER = "Com.testapp.app-swoosh";
				PRODUCT_NAME = "$(TARGET_NAME)";
				SWIFT_VERSION = 5.0;
				TARGETED_DEVICE_FAMILY = "1,2";
			};
			name = Release;
		};
/* End XCBuildConfiguration section */

/* Begin XCConfigurationList section */
		DBCC897E23EBBE7C00E21AB7 /* Build configuration list for PBXProject "app-swoosh" */ = {
			isa = XCConfigurationList;
			buildConfigurations = (
				DBCC899523EBBE7F00E21AB7 /* Debug */,
				DBCC899623EBBE7F00E21AB7 /* Release */,
			);
			defaultConfigurationIsVisible = 0;
			defaultConfigurationName = Release;
		};
		DBCC899723EBBE7F00E21AB7 /* Build configuration list for PBXNativeTarget "app-swoosh" */ = {
			isa = XCConfigurationList;
			buildConfigurations = (
				DBCC899823EBBE7F00E21AB7 /* Debug */,
				DBCC899923EBBE7F00E21AB7 /* Release */,
			);
			defaultConfigurationIsVisible = 0;
			defaultConfigurationName = Release;
		};
/* End XCConfigurationList section */
	};
	rootObject = DBCC897B23EBBE7C00E21AB7 /* Project object */;
}
